
Microsoft Visual Studio Solution File, Format Version 12.00
# Visual Studio Version 16
VisualStudioVersion = 16.0.31729.503
MinimumVisualStudioVersion = 10.0.40219.1
Project("{F184B08F-C81C-45F6-A57F-5ABD9991F28F}") = "WinFormSweetAlert", "WinFormSweetAlert\WinFormSweetAlert.vbproj", "{7D73518A-1C47-4C4A-852F-008E5F832C26}"
EndProject
Global
	GlobalSection(SolutionConfigurationPlatforms) = preSolution
		Debug|Any CPU = Debug|Any CPU
		Release|Any CPU = Release|Any CPU
	EndGlobalSection
	GlobalSection(ProjectConfigurationPlatforms) = postSolution
		{7D73518A-1C47-4C4A-852F-008E5F832C26}.Debug|Any CPU.ActiveCfg = Debug|Any CPU
		{7D73518A-1C47-4C4A-852F-008E5F832C26}.Debug|Any CPU.Build.0 = Debug|Any CPU
		{7D73518A-1C47-4C4A-852F-008E5F832C26}.Release|Any CPU.ActiveCfg = Release|Any CPU
		{7D73518A-1C47-4C4A-852F-008E5F832C26}.Release|Any CPU.Build.0 = Release|Any CPU
	EndGlobalSection
	GlobalSection(SolutionProperties) = preSolution
		HideSolutionNode = FALSE
	EndGlobalSection
	GlobalSection(ExtensibilityGlobals) = postSolution
		SolutionGuid = {936CED9E-759F-4282-87B2-AFDE8266A96E}
	EndGlobalSection
EndGlobal
